// !$*UTF8*$!
{
	archiveVersion = 1;
	classes = {
	};
	objectVersion = 48;
	objects = {

/* Begin PBXBuildFile section */
		366E32E22059EB7900948296 /* AppDelegate.swift in Sources */ = {isa = PBXBuildFile; fileRef = 366E32E12059EB7900948296 /* AppDelegate.swift */; };
		366E32E72059EB7900948296 /* Main.storyboard in Resources */ = {isa = PBXBuildFile; fileRef = 366E32E52059EB7900948296 /* Main.storyboard */; };
		366E32E92059EB7900948296 /* Assets.xcassets in Resources */ = {isa = PBXBuildFile; fileRef = 366E32E82059EB7900948296 /* Assets.xcassets */; };
		366E32EC2059EB7900948296 /* LaunchScreen.storyboard in Resources */ = {isa = PBXBuildFile; fileRef = 366E32EA2059EB7900948296 /* LaunchScreen.storyboard */; };
		366E32F42059F04A00948296 /* AppListViewController.swift in Sources */ = {isa = PBXBuildFile; fileRef = 366E32F32059F04A00948296 /* AppListViewController.swift */; };
		366E32F62059F24100948296 /* JSONStruct.swift in Sources */ = {isa = PBXBuildFile; fileRef = 366E32F52059F24100948296 /* JSONStruct.swift */; };
		36970272205A025B002D6531 /* AppItemTableViewCell.swift in Sources */ = {isa = PBXBuildFile; fileRef = 36970271205A025B002D6531 /* AppItemTableViewCell.swift */; };
		36970274205A61D7002D6531 /* Extensions.swift in Sources */ = {isa = PBXBuildFile; fileRef = 36970273205A61D7002D6531 /* Extensions.swift */; };
		36970276205A667F002D6531 /* AppDetailViewController.swift in Sources */ = {isa = PBXBuildFile; fileRef = 36970275205A667F002D6531 /* AppDetailViewController.swift */; };
		3697027C205A7388002D6531 /* AppDetailTopTableViewCell.swift in Sources */ = {isa = PBXBuildFile; fileRef = 3697027B205A7388002D6531 /* AppDetailTopTableViewCell.swift */; };
/* End PBXBuildFile section */

/* Begin PBXFileReference section */
		366E32DE2059EB7900948296 /* appStore.app */ = {isa = PBXFileReference; explicitFileType = wrapper.application; includeInIndex = 0; path = appStore.app; sourceTree = BUILT_PRODUCTS_DIR; };
		366E32E12059EB7900948296 /* AppDelegate.swift */ = {isa = PBXFileReference; lastKnownFileType = sourcecode.swift; path = AppDelegate.swift; sourceTree = "<group>"; };
		366E32E62059EB7900948296 /* Base */ = {isa = PBXFileReference; lastKnownFileType = file.storyboard; name = Base; path = Base.lproj/Main.storyboard; sourceTree = "<group>"; };
		366E32E82059EB7900948296 /* Assets.xcassets */ = {isa = PBXFileReference; lastKnownFileType = folder.assetcatalog; path = Assets.xcassets; sourceTree = "<group>"; };
		366E32EB2059EB7900948296 /* Base */ = {isa = PBXFileReference; lastKnownFileType = file.storyboard; name = Base; path = Base.lproj/LaunchScreen.storyboard; sourceTree = "<group>"; };
		366E32ED2059EB7900948296 /* Info.plist */ = {isa = PBXFileReference; lastKnownFileType = text.plist.xml; path = Info.plist; sourceTree = "<group>"; };
		366E32F32059F04A00948296 /* AppListViewController.swift */ = {isa = PBXFileReference; lastKnownFileType = sourcecode.swift; path = AppListViewController.swift; sourceTree = "<group>"; };
		366E32F52059F24100948296 /* JSONStruct.swift */ = {isa = PBXFileReference; lastKnownFileType = sourcecode.swift; path = JSONStruct.swift; sourceTree = "<group>"; };
		36970271205A025B002D6531 /* AppItemTableViewCell.swift */ = {isa = PBXFileReference; lastKnownFileType = sourcecode.swift; path = AppItemTableViewCell.swift; sourceTree = "<group>"; };
		36970273205A61D7002D6531 /* Extensions.swift */ = {isa = PBXFileReference; lastKnownFileType = sourcecode.swift; path = Extensions.swift; sourceTree = "<group>"; };
		36970275205A667F002D6531 /* AppDetailViewController.swift */ = {isa = PBXFileReference; lastKnownFileType = sourcecode.swift; path = AppDetailViewController.swift; sourceTree = "<group>"; };
		3697027B205A7388002D6531 /* AppDetailTopTableViewCell.swift */ = {isa = PBXFileReference; lastKnownFileType = sourcecode.swift; path = AppDetailTopTableViewCell.swift; sourceTree = "<group>"; };
/* End PBXFileReference section */

/* Begin PBXFrameworksBuildPhase section */
		366E32DB2059EB7900948296 /* Frameworks */ = {
			isa = PBXFrameworksBuildPhase;
			buildActionMask = 2147483647;
			files = (
			);
			runOnlyForDeploymentPostprocessing = 0;
		};
/* End PBXFrameworksBuildPhase section */

/* Begin PBXGroup section */
		366E32D52059EB7900948296 = {
			isa = PBXGroup;
			children = (
				366E32E02059EB7900948296 /* appStore */,
				366E32DF2059EB7900948296 /* Products */,
			);
			sourceTree = "<group>";
		};
		366E32DF2059EB7900948296 /* Products */ = {
			isa = PBXGroup;
			children = (
				366E32DE2059EB7900948296 /* appStore.app */,
			);
			name = Products;
			sourceTree = "<group>";
		};
		366E32E02059EB7900948296 /* appStore */ = {
			isa = PBXGroup;
			children = (
				366E32E12059EB7900948296 /* AppDelegate.swift */,
				366E32F32059F04A00948296 /* AppListViewController.swift */,
				36970273205A61D7002D6531 /* Extensions.swift */,
				366E32F52059F24100948296 /* JSONStruct.swift */,
				366E32E52059EB7900948296 /* Main.storyboard */,
				3697027B205A7388002D6531 /* AppDetailTopTableViewCell.swift */,
				36970275205A667F002D6531 /* AppDetailViewController.swift */,
				36970271205A025B002D6531 /* AppItemTableViewCell.swift */,
				366E32E82059EB7900948296 /* Assets.xcassets */,
				366E32EA2059EB7900948296 /* LaunchScreen.storyboard */,
				366E32ED2059EB7900948296 /* Info.plist */,
			);
			path = appStore;
			sourceTree = "<group>";
		};
/* End PBXGroup section */

/* Begin PBXNativeTarget section */
		366E32DD2059EB7900948296 /* appStore */ = {
			isa = PBXNativeTarget;
			buildConfigurationList = 366E32F02059EB7900948296 /* Build configuration list for PBXNativeTarget "appStore" */;
			buildPhases = (
				366E32DA2059EB7900948296 /* Sources */,
				366E32DB2059EB7900948296 /* Frameworks */,
				366E32DC2059EB7900948296 /* Resources */,
			);
			buildRules = (
			);
			dependencies = (
			);
			name = appStore;
			productName = appStore;
			productReference = 366E32DE2059EB7900948296 /* appStore.app */;
			productType = "com.apple.product-type.application";
		};
/* End PBXNativeTarget section */

/* Begin PBXProject section */
		366E32D62059EB7900948296 /* Project object */ = {
			isa = PBXProject;
			attributes = {
				LastSwiftUpdateCheck = 0920;
				LastUpgradeCheck = 0920;
				ORGANIZATIONNAME = WEJOApps;
				TargetAttributes = {
					366E32DD2059EB7900948296 = {
						CreatedOnToolsVersion = 9.2;
						ProvisioningStyle = Automatic;
					};
				};
			};
			buildConfigurationList = 366E32D92059EB7900948296 /* Build configuration list for PBXProject "appStore" */;
			compatibilityVersion = "Xcode 8.0";
			developmentRegion = en;
			hasScannedForEncodings = 0;
			knownRegions = (
				en,
				Base,
			);
			mainGroup = 366E32D52059EB7900948296;
			productRefGroup = 366E32DF2059EB7900948296 /* Products */;
			projectDirPath = "";
			projectRoot = "";
			targets = (
				366E32DD2059EB7900948296 /* appStore */,
			);
		};
/* End PBXProject section */

/* Begin PBXResourcesBuildPhase section */
		366E32DC2059EB7900948296 /* Resources */ = {
			isa = PBXResourcesBuildPhase;
			buildActionMask = 2147483647;
			files = (
				366E32EC2059EB7900948296 /* LaunchScreen.storyboard in Resources */,
				366E32E92059EB7900948296 /* Assets.xcassets in Resources */,
				366E32E72059EB7900948296 /* Main.storyboard in Resources */,
			);
			runOnlyForDeploymentPostprocessing = 0;
		};
/* End PBXResourcesBuildPhase section */

/* Begin PBXSourcesBuildPhase section */
		366E32DA2059EB7900948296 /* Sources */ = {
			isa = PBXSourcesBuildPhase;
			buildActionMask = 2147483647;
			files = (
				36970274205A61D7002D6531 /* Extensions.swift in Sources */,
				36970272205A025B002D6531 /* AppItemTableViewCell.swift in Sources */,
				366E32F62059F24100948296 /* JSONStruct.swift in Sources */,
				3697027C205A7388002D6531 /* AppDetailTopTableViewCell.swift in Sources */,
				36970276205A667F002D6531 /* AppDetailViewController.swift in Sources */,
				366E32E22059EB7900948296 /* AppDelegate.swift in Sources */,
				366E32F42059F04A00948296 /* AppListViewController.swift in Sources */,
			);
			runOnlyForDeploymentPostprocessing = 0;
		};
/* End PBXSourcesBuildPhase section */

/* Begin PBXVariantGroup section */
		366E32E52059EB7900948296 /* Main.storyboard */ = {
			isa = PBXVariantGroup;
			children = (
				366E32E62059EB7900948296 /* Base */,
			);
			name = Main.storyboard;
			sourceTree = "<group>";
		};
		366E32EA2059EB7900948296 /* LaunchScreen.storyboard */ = {
			isa = PBXVariantGroup;
			children = (
				366E32EB2059EB7900948296 /* Base */,
			);
			name = LaunchScreen.storyboard;
			sourceTree = "<group>";
		};
/* End PBXVariantGroup section */

/* Begin XCBuildConfiguration section */
		366E32EE2059EB7900948296 /* Debug */ = {
			isa = XCBuildConfiguration;
			buildSettings = {
				ALWAYS_SEARCH_USER_PATHS = NO;
				CLANG_ANALYZER_NONNULL = YES;
				CLANG_ANALYZER_NUMBER_OBJECT_CONVERSION = YES_AGGRESSIVE;
				CLANG_CXX_LANGUAGE_STANDARD = "gnu++14";
				CLANG_CXX_LIBRARY = "libc++";
				CLANG_ENABLE_MODULES = YES;
				CLANG_ENABLE_OBJC_ARC = YES;
				CLANG_WARN_BLOCK_CAPTURE_AUTORELEASING = YES;
				CLANG_WARN_BOOL_CONVERSION = YES;
				CLANG_WARN_COMMA = YES;
				CLANG_WARN_CONSTANT_CONVERSION = YES;
				CLANG_WARN_DIRECT_OBJC_ISA_USAGE = YES_ERROR;
				CLANG_WARN_DOCUMENTATION_COMMENTS = YES;
				CLANG_WARN_EMPTY_BODY = YES;
				CLANG_WARN_ENUM_CONVERSION = YES;
				CLANG_WARN_INFINITE_RECURSION = YES;
				CLANG_WARN_INT_CONVERSION = YES;
				CLANG_WARN_NON_LITERAL_NULL_CONVERSION = YES;
				CLANG_WARN_OBJC_LITERAL_CONVERSION = YES;
				CLANG_WARN_OBJC_ROOT_CLASS = YES_ERROR;
				CLANG_WARN_RANGE_LOOP_ANALYSIS = YES;
				CLANG_WARN_STRICT_PROTOTYPES = YES;
				CLANG_WARN_SUSPICIOUS_MOVE = YES;
				CLANG_WARN_UNGUARDED_AVAILABILITY = YES_AGGRESSIVE;
				CLANG_WARN_UNREACHABLE_CODE = YES;
				CLANG_WARN__DUPLICATE_METHOD_MATCH = YES;
				CODE_SIGN_IDENTITY = "iPhone Developer";
				COPY_PHASE_STRIP = NO;
				DEBUG_INFORMATION_FORMAT = dwarf;
				ENABLE_STRICT_OBJC_MSGSEND = YES;
				ENABLE_TESTABILITY = YES;
				GCC_C_LANGUAGE_STANDARD = gnu11;
				GCC_DYNAMIC_NO_PIC = NO;
				GCC_NO_COMMON_BLOCKS = YES;
				GCC_OPTIMIZATION_LEVEL = 0;
				GCC_PREPROCESSOR_DEFINITIONS = (
					"DEBUG=1",
					"$(inherited)",
				);
				GCC_WARN_64_TO_32_BIT_CONVERSION = YES;
				GCC_WARN_ABOUT_RETURN_TYPE = YES_ERROR;
				GCC_WARN_UNDECLARED_SELECTOR = YES;
				GCC_WARN_UNINITIALIZED_AUTOS = YES_AGGRESSIVE;
				GCC_WARN_UNUSED_FUNCTION = YES;
				GCC_WARN_UNUSED_VARIABLE = YES;
				IPHONEOS_DEPLOYMENT_TARGET = 11.2;
				MTL_ENABLE_DEBUG_INFO = YES;
				ONLY_ACTIVE_ARCH = YES;
				SDKROOT = iphoneos;
				SWIFT_ACTIVE_COMPILATION_CONDITIONS = DEBUG;
				SWIFT_OPTIMIZATION_LEVEL = "-Onone";
			};
			name = Debug;
		};
		366E32EF2059EB7900948296 /* Release */ = {
			isa = XCBuildConfiguration;
			buildSettings = {
				ALWAYS_SEARCH_USER_PATHS = NO;
				CLANG_ANALYZER_NONNULL = YES;
				CLANG_ANALYZER_NUMBER_OBJECT_CONVERSION = YES_AGGRESSIVE;
				CLANG_CXX_LANGUAGE_STANDARD = "gnu++14";
				CLANG_CXX_LIBRARY = "libc++";
				CLANG_ENABLE_MODULES = YES;
				CLANG_ENABLE_OBJC_ARC = YES;
				CLANG_WARN_BLOCK_CAPTURE_AUTORELEASING = YES;
				CLANG_WARN_BOOL_CONVERSION = YES;
				CLANG_WARN_COMMA = YES;
				CLANG_WARN_CONSTANT_CONVERSION = YES;
				CLANG_WARN_DIRECT_OBJC_ISA_USAGE = YES_ERROR;
				CLANG_WARN_DOCUMENTATION_COMMENTS = YES;
				CLANG_WARN_EMPTY_BODY = YES;
				CLANG_WARN_ENUM_CONVERSION = YES;
				CLANG_WARN_INFINITE_RECURSION = YES;
				CLANG_WARN_INT_CONVERSION = YES;
				CLANG_WARN_NON_LITERAL_NULL_CONVERSION = YES;
				CLANG_WARN_OBJC_LITERAL_CONVERSION = YES;
				CLANG_WARN_OBJC_ROOT_CLASS = YES_ERROR;
				CLANG_WARN_RANGE_LOOP_ANALYSIS = YES;
				CLANG_WARN_STRICT_PROTOTYPES = YES;
				CLANG_WARN_SUSPICIOUS_MOVE = YES;
				CLANG_WARN_UNGUARDED_AVAILABILITY = YES_AGGRESSIVE;
				CLANG_WARN_UNREACHABLE_CODE = YES;
				CLANG_WARN__DUPLICATE_METHOD_MATCH = YES;
				CODE_SIGN_IDENTITY = "iPhone Developer";
				COPY_PHASE_STRIP = NO;
				DEBUG_INFORMATION_FORMAT = "dwarf-with-dsym";
				ENABLE_NS_ASSERTIONS = NO;
				ENABLE_STRICT_OBJC_MSGSEND = YES;
				GCC_C_LANGUAGE_STANDARD = gnu11;
				GCC_NO_COMMON_BLOCKS = YES;
				GCC_WARN_64_TO_32_BIT_CONVERSION = YES;
				GCC_WARN_ABOUT_RETURN_TYPE = YES_ERROR;
				GCC_WARN_UNDECLARED_SELECTOR = YES;
				GCC_WARN_UNINITIALIZED_AUTOS = YES_AGGRESSIVE;
				GCC_WARN_UNUSED_FUNCTION = YES;
				GCC_WARN_UNUSED_VARIABLE = YES;
				IPHONEOS_DEPLOYMENT_TARGET = 11.2;
				MTL_ENABLE_DEBUG_INFO = NO;
				SDKROOT = iphoneos;
				SWIFT_OPTIMIZATION_LEVEL = "-Owholemodule";
				VALIDATE_PRODUCT = YES;
			};
			name = Release;
		};
		366E32F12059EB7900948296 /* Debug */ = {
			isa = XCBuildConfiguration;
			buildSettings = {
				ASSETCATALOG_COMPILER_APPICON_NAME = AppIcon;
				CODE_SIGN_STYLE = Automatic;
				DEVELOPMENT_TEAM = 9YGS892Y3B;
				INFOPLIST_FILE = appStore/Info.plist;
				LD_RUNPATH_SEARCH_PATHS = "$(inherited) @executable_path/Frameworks";
				PRODUCT_BUNDLE_IDENTIFIER = com.WEJOApps.appStore;
				PRODUCT_NAME = "$(TARGET_NAME)";
				SWIFT_VERSION = 4.0;
				TARGETED_DEVICE_FAMILY = "1,2";
			};
			name = Debug;
		};
		366E32F22059EB7900948296 /* Release */ = {
			isa = XCBuildConfiguration;
			buildSettings = {
				ASSETCATALOG_COMPILER_APPICON_NAME = AppIcon;
				CODE_SIGN_STYLE = Automatic;
				DEVELOPMENT_TEAM = 9YGS892Y3B;
				INFOPLIST_FILE = appStore/Info.plist;
				LD_RUNPATH_SEARCH_PATHS = "$(inherited) @executable_path/Frameworks";
				PRODUCT_BUNDLE_IDENTIFIER = com.WEJOApps.appStore;
				PRODUCT_NAME = "$(TARGET_NAME)";
				SWIFT_VERSION = 4.0;
				TARGETED_DEVICE_FAMILY = "1,2";
			};
			name = Release;
		};
/* End XCBuildConfiguration section */

/* Begin XCConfigurationList section */
		366E32D92059EB7900948296 /* Build configuration list for PBXProject "appStore" */ = {
			isa = XCConfigurationList;
			buildConfigurations = (
				366E32EE2059EB7900948296 /* Debug */,
				366E32EF2059EB7900948296 /* Release */,
			);
			defaultConfigurationIsVisible = 0;
			defaultConfigurationName = Release;
		};
		366E32F02059EB7900948296 /* Build configuration list for PBXNativeTarget "appStore" */ = {
			isa = XCConfigurationList;
			buildConfigurations = (
				366E32F12059EB7900948296 /* Debug */,
				366E32F22059EB7900948296 /* Release */,
			);
			defaultConfigurationIsVisible = 0;
			defaultConfigurationName = Release;
		};
/* End XCConfigurationList section */
	};
	rootObject = 366E32D62059EB7900948296 /* Project object */;
}
